
Microsoft Visual Studio Solution File, Format Version 12.00
# Visual Studio 15
VisualStudioVersion = 15.0.27703.2042
MinimumVisualStudioVersion = 10.0.40219.1
Project("{FAE04EC0-301F-11D3-BF4B-00C04F79EFBC}") = "oobTranslator", "oobTranslator\oobTranslator.csproj", "{8CB5218C-C41A-4737-8BEC-2FB631B0E34C}"
EndProject
Global
	GlobalSection(SolutionConfigurationPlatforms) = preSolution
		Debug|Any CPU = Debug|Any CPU
		Release|Any CPU = Release|Any CPU
	EndGlobalSection
	GlobalSection(ProjectConfigurationPlatforms) = postSolution
		{8CB5218C-C41A-4737-8BEC-2FB631B0E34C}.Debug|Any CPU.ActiveCfg = Debug|Any CPU
		{8CB5218C-C41A-4737-8BEC-2FB631B0E34C}.Debug|Any CPU.Build.0 = Debug|Any CPU
		{8CB5218C-C41A-4737-8BEC-2FB631B0E34C}.Release|Any CPU.ActiveCfg = Release|Any CPU
		{8CB5218C-C41A-4737-8BEC-2FB631B0E34C}.Release|Any CPU.Build.0 = Release|Any CPU
	EndGlobalSection
	GlobalSection(SolutionProperties) = preSolution
		HideSolutionNode = FALSE
	EndGlobalSection
	GlobalSection(ExtensibilityGlobals) = postSolution
		SolutionGuid = {B03D8DAC-BC3E-46AD-B3FD-708F7A5B442B}
	EndGlobalSection
EndGlobal
